
Microsoft Visual Studio Solution File, Format Version 12.00
# Visual Studio Version 17
VisualStudioVersion = 17.11.35222.181
MinimumVisualStudioVersion = 10.0.40219.1
Project("{FAE04EC0-301F-11D3-BF4B-00C04F79EFBC}") = "P01_SalesDatabase", "P01_SalesDatabase.csproj", "{967292AA-9DBA-4AFB-8C89-43818B56E4B4}"
EndProject
Global
	GlobalSection(SolutionConfigurationPlatforms) = preSolution
		Debug|Any CPU = Debug|Any CPU
		Release|Any CPU = Release|Any CPU
	EndGlobalSection
	GlobalSection(ProjectConfigurationPlatforms) = postSolution
		{967292AA-9DBA-4AFB-8C89-43818B56E4B4}.Debug|Any CPU.ActiveCfg = Debug|Any CPU
		{967292AA-9DBA-4AFB-8C89-43818B56E4B4}.Debug|Any CPU.Build.0 = Debug|Any CPU
		{967292AA-9DBA-4AFB-8C89-43818B56E4B4}.Release|Any CPU.ActiveCfg = Release|Any CPU
		{967292AA-9DBA-4AFB-8C89-43818B56E4B4}.Release|Any CPU.Build.0 = Release|Any CPU
	EndGlobalSection
	GlobalSection(SolutionProperties) = preSolution
		HideSolutionNode = FALSE
	EndGlobalSection
	GlobalSection(ExtensibilityGlobals) = postSolution
		SolutionGuid = {239511CA-6943-488C-8353-D0CF95B40A25}
	EndGlobalSection
EndGlobal
